
Microsoft Visual Studio Solution File, Format Version 12.00
# Visual Studio Version 16
VisualStudioVersion = 16.0.30114.105
MinimumVisualStudioVersion = 10.0.40219.1
Project("{FAE04EC0-301F-11D3-BF4B-00C04F79EFBC}") = "BakuchiApi", "src\BakuchiApi.csproj", "{763CCAB4-F52E-42E3-AFCC-3B09CD20D0D9}"
EndProject
Project("{2150E333-8FDC-42A3-9474-1A3956D46DE8}") = "tests", "tests", "{0C424BCB-2518-41B8-B52F-11A347A7B758}"
EndProject
Project("{FAE04EC0-301F-11D3-BF4B-00C04F79EFBC}") = "BakuchiApi.Tests.IntegrationTests", "tests\integration\BakuchiApi.Tests.IntegrationTests.csproj", "{2FFF0755-D09F-4F4E-B61C-5D8C91B10674}"
EndProject
Project("{FAE04EC0-301F-11D3-BF4B-00C04F79EFBC}") = "BakuchiApi.Tests.UnitTests", "tests\unit\BakuchiApi.Tests.UnitTests.csproj", "{9A482BA9-5609-4F8F-8449-4D9034E8FF79}"
EndProject
Global
	GlobalSection(SolutionConfigurationPlatforms) = preSolution
		Debug|Any CPU = Debug|Any CPU
		Debug|x64 = Debug|x64
		Debug|x86 = Debug|x86
		Release|Any CPU = Release|Any CPU
		Release|x64 = Release|x64
		Release|x86 = Release|x86
	EndGlobalSection
	GlobalSection(SolutionProperties) = preSolution
		HideSolutionNode = FALSE
	EndGlobalSection
	GlobalSection(ProjectConfigurationPlatforms) = postSolution
		{763CCAB4-F52E-42E3-AFCC-3B09CD20D0D9}.Debug|Any CPU.ActiveCfg = Debug|Any CPU
		{763CCAB4-F52E-42E3-AFCC-3B09CD20D0D9}.Debug|Any CPU.Build.0 = Debug|Any CPU
		{763CCAB4-F52E-42E3-AFCC-3B09CD20D0D9}.Debug|x64.ActiveCfg = Debug|Any CPU
		{763CCAB4-F52E-42E3-AFCC-3B09CD20D0D9}.Debug|x64.Build.0 = Debug|Any CPU
		{763CCAB4-F52E-42E3-AFCC-3B09CD20D0D9}.Debug|x86.ActiveCfg = Debug|Any CPU
		{763CCAB4-F52E-42E3-AFCC-3B09CD20D0D9}.Debug|x86.Build.0 = Debug|Any CPU
		{763CCAB4-F52E-42E3-AFCC-3B09CD20D0D9}.Release|Any CPU.ActiveCfg = Release|Any CPU
		{763CCAB4-F52E-42E3-AFCC-3B09CD20D0D9}.Release|Any CPU.Build.0 = Release|Any CPU
		{763CCAB4-F52E-42E3-AFCC-3B09CD20D0D9}.Release|x64.ActiveCfg = Release|Any CPU
		{763CCAB4-F52E-42E3-AFCC-3B09CD20D0D9}.Release|x64.Build.0 = Release|Any CPU
		{763CCAB4-F52E-42E3-AFCC-3B09CD20D0D9}.Release|x86.ActiveCfg = Release|Any CPU
		{763CCAB4-F52E-42E3-AFCC-3B09CD20D0D9}.Release|x86.Build.0 = Release|Any CPU
		{2FFF0755-D09F-4F4E-B61C-5D8C91B10674}.Debug|Any CPU.ActiveCfg = Debug|Any CPU
		{2FFF0755-D09F-4F4E-B61C-5D8C91B10674}.Debug|Any CPU.Build.0 = Debug|Any CPU
		{2FFF0755-D09F-4F4E-B61C-5D8C91B10674}.Debug|x64.ActiveCfg = Debug|Any CPU
		{2FFF0755-D09F-4F4E-B61C-5D8C91B10674}.Debug|x64.Build.0 = Debug|Any CPU
		{2FFF0755-D09F-4F4E-B61C-5D8C91B10674}.Debug|x86.ActiveCfg = Debug|Any CPU
		{2FFF0755-D09F-4F4E-B61C-5D8C91B10674}.Debug|x86.Build.0 = Debug|Any CPU
		{2FFF0755-D09F-4F4E-B61C-5D8C91B10674}.Release|Any CPU.ActiveCfg = Release|Any CPU
		{2FFF0755-D09F-4F4E-B61C-5D8C91B10674}.Release|Any CPU.Build.0 = Release|Any CPU
		{2FFF0755-D09F-4F4E-B61C-5D8C91B10674}.Release|x64.ActiveCfg = Release|Any CPU
		{2FFF0755-D09F-4F4E-B61C-5D8C91B10674}.Release|x64.Build.0 = Release|Any CPU
		{2FFF0755-D09F-4F4E-B61C-5D8C91B10674}.Release|x86.ActiveCfg = Release|Any CPU
		{2FFF0755-D09F-4F4E-B61C-5D8C91B10674}.Release|x86.Build.0 = Release|Any CPU
		{9A482BA9-5609-4F8F-8449-4D9034E8FF79}.Debug|Any CPU.ActiveCfg = Debug|Any CPU
		{9A482BA9-5609-4F8F-8449-4D9034E8FF79}.Debug|Any CPU.Build.0 = Debug|Any CPU
		{9A482BA9-5609-4F8F-8449-4D9034E8FF79}.Debug|x64.ActiveCfg = Debug|Any CPU
		{9A482BA9-5609-4F8F-8449-4D9034E8FF79}.Debug|x64.Build.0 = Debug|Any CPU
		{9A482BA9-5609-4F8F-8449-4D9034E8FF79}.Debug|x86.ActiveCfg = Debug|Any CPU
		{9A482BA9-5609-4F8F-8449-4D9034E8FF79}.Debug|x86.Build.0 = Debug|Any CPU
		{9A482BA9-5609-4F8F-8449-4D9034E8FF79}.Release|Any CPU.ActiveCfg = Release|Any CPU
		{9A482BA9-5609-4F8F-8449-4D9034E8FF79}.Release|Any CPU.Build.0 = Release|Any CPU
		{9A482BA9-5609-4F8F-8449-4D9034E8FF79}.Release|x64.ActiveCfg = Release|Any CPU
		{9A482BA9-5609-4F8F-8449-4D9034E8FF79}.Release|x64.Build.0 = Release|Any CPU
		{9A482BA9-5609-4F8F-8449-4D9034E8FF79}.Release|x86.ActiveCfg = Release|Any CPU
		{9A482BA9-5609-4F8F-8449-4D9034E8FF79}.Release|x86.Build.0 = Release|Any CPU
	EndGlobalSection
	GlobalSection(NestedProjects) = preSolution
		{2FFF0755-D09F-4F4E-B61C-5D8C91B10674} = {0C424BCB-2518-41B8-B52F-11A347A7B758}
		{9A482BA9-5609-4F8F-8449-4D9034E8FF79} = {0C424BCB-2518-41B8-B52F-11A347A7B758}
	EndGlobalSection
EndGlobal
